{
  "nodes": {
    "disko": {
      "inputs": {
        "nixpkgs": [
          "nixpkgs-unstable"
        ]
      },
      "locked": {
        "lastModified": 1756733629,
        "narHash": "sha256-dwWGlDhcO5SMIvMSTB4mjQ5Pvo2vtxvpIknhVnSz2I8=",
        "owner": "nix-community",
        "repo": "disko",
        "rev": "a5c4f2ab72e3d1ab43e3e65aa421c6f2bd2e12a1",
        "type": "github"
      },
      "original": {
        "owner": "nix-community",
        "repo": "disko",
        "type": "github"
      }
    },
    "mixos": {
      "inputs": {
        "nixpkgs": [
          "nixpkgs-unstable"
        ]
      },
      "locked": {
        "lastModified": 1769015528,
        "narHash": "sha256-JZqBZea+ptrEfcQLZBcilM+aCyFXWeVBD3nhez5prmM=",
        "owner": "jmbaur",
        "repo": "mixos",
        "rev": "73d7e25856e9e1b7c433a4a3aecee541c6523885",
        "type": "github"
      },
      "original": {
        "owner": "jmbaur",
        "repo": "mixos",
        "type": "github"
      }
    },
    "nixpkgs-2505": {
      "locked": {
        "lastModified": 1756809922,
        "narHash": "sha256-mBqVeURIgK+lxYb/H63AuFQu/cGLsJHjSz88V7Rkj3s=",
        "owner": "NixOS",
        "repo": "nixpkgs",
        "rev": "227e81d2f16e6e72cd7e53f7cd06aaa2db632ad3",
        "type": "github"
      },
      "original": {
        "owner": "NixOS",
        "repo": "nixpkgs",
        "type": "github"
      }
    },
    "nixpkgs-lib": {
      "locked": {
        "lastModified": 1762045811,
        "narHash": "sha256-ObaNaUu4Ey117f3UWMQL7CN/QBEUPM9MiwGSG9piCL0=",
        "owner": "nix-community",
        "repo": "nixpkgs.lib",
        "rev": "e171c13eb1bfa148a2e5ed435768d5e89e235d0f",
        "type": "github"
      },
      "original": {
        "owner": "nix-community",
        "repo": "nixpkgs.lib",
        "type": "github"
      }
    },
    "nixpkgs-unstable": {
      "locked": {
        "lastModified": 1769018530,
        "narHash": "sha256-MJ27Cy2NtBEV5tsK+YraYr2g851f3Fl1LpNHDzDX15c=",
        "owner": "NixOS",
        "repo": "nixpkgs",
        "rev": "88d3861acdd3d2f0e361767018218e51810df8a1",
        "type": "github"
      },
      "original": {
        "owner": "NixOS",
        "ref": "nixos-unstable",
        "repo": "nixpkgs",
        "type": "github"
      }
    },
    "openwrt-one-nix": {
      "inputs": {
        "mixos": [
          "mixos"
        ],
        "nixpkgs": [
          "nixpkgs"
        ]
      },
      "locked": {
        "lastModified": 1768100519,
        "narHash": "sha256-Udol/yE707tPq1mSp2m5+fk0WpAapohDoyeuoreS0RQ=",
        "owner": "jmbaur",
        "repo": "openwrt-one.nix",
        "rev": "efa059977558d0ee4602c096b4c4bcc59979d880",
        "type": "github"
      },
      "original": {
        "owner": "jmbaur",
        "repo": "openwrt-one.nix",
        "type": "github"
      }
    },
    "root": {
      "inputs": {
        "disko": "disko",
        "mixos": "mixos",
        "nixpkgs": [
          "nixpkgs-unstable"
        ],
        "nixpkgs-2505": "nixpkgs-2505",
        "nixpkgs-lib": "nixpkgs-lib",
        "nixpkgs-unstable": "nixpkgs-unstable",
        "openwrt-one-nix": "openwrt-one-nix",
        "treefmt-nix": "treefmt-nix"
      }
    },
    "treefmt-nix": {
      "inputs": {
        "nixpkgs": [
          "nixpkgs-unstable"
        ]
      },
      "locked": {
        "lastModified": 1726734507,
        "narHash": "sha256-VUH5O5AcOSxb0uL/m34dDkxFKP6WLQ6y4I1B4+N3L2w=",
        "owner": "numtide",
        "repo": "treefmt-nix",
        "rev": "ee41a466c2255a3abe6bc50fc6be927cdee57a9f",
        "type": "github"
      },
      "original": {
        "owner": "numtide",
        "repo": "treefmt-nix",
        "type": "github"
      }
    }
  },
  "root": "root",
  "version": 7
}
